# This file is autogenerated, do not edit; changes may be undone by the next 'dep ensure'.


[[projects]]
  digest = "1:f2aa950b9738feb15ce4a6958f899969fc0908c9c6f9fad97fb4fb6bdd0f98ff"
  name = "github.com/OneOfOne/xxhash"
  packages = ["."]
  pruneopts = "UT"
  revision = "c1e3185f167680b62832a0a11938a04b1ab265fc"
  version = "v1.2.5"

[[projects]]
  digest = "1:c45cef8e0074ea2f8176a051df38553ba997a3616f1ec2d35222b1cf9864881e"
  name = "github.com/ghodss/yaml"
  packages = ["."]
  pruneopts = "UT"
  revision = "73d445a93680fa1a78ae23a5839bad48f32ba1ee"

[[projects]]
  digest = "1:9ae31ce33b4bab257668963e844d98765b44160be4ee98cafc44637a213e530d"
  name = "github.com/gobwas/glob"
  packages = [
    ".",
    "compiler",
    "match",
    "syntax",
    "syntax/ast",
    "syntax/lexer",
    "util/runes",
    "util/strings",
  ]
  pruneopts = "UT"
  revision = "5ccd90ef52e1e632236f7326478d4faa74f99438"
  version = "v0.2.3"

[[projects]]
  digest = "1:c79fb010be38a59d657c48c6ba1d003a8aa651fa56b579d959d74573b7dff8e1"
  name = "github.com/gorilla/context"
  packages = ["."]
  pruneopts = "UT"
  revision = "08b5f424b9271eedf6f9f0ce86cb9396ed337a42"
  version = "v1.1.1"

[[projects]]
  digest = "1:e73f5b0152105f18bc131fba127d9949305c8693f8a762588a82a48f61756f5f"
  name = "github.com/gorilla/mux"
  packages = ["."]
  pruneopts = "UT"
  revision = "e3702bed27f0d39777b0b37b664b6280e8ef8fbf"
  version = "v1.6.2"

[[projects]]
  digest = "1:b4f8cf8816fad9cb5e722fd9fda2c1eeee5ed6c8533c1c2a3a30beb9cda11028"
  name = "github.com/open-policy-agent/opa"
  packages = [
    "ast",
    "bundle",
    "config",
    "dependencies",
    "download",
    "internal/compiler/wasm",
    "internal/compiler/wasm/opa",
    "internal/file/archive",
    "internal/file/url",
    "internal/ir",
    "internal/leb128",
    "internal/merge",
    "internal/planner",
    "internal/version",
    "internal/wasm/constant",
    "internal/wasm/encoding",
    "internal/wasm/instruction",
    "internal/wasm/module",
    "internal/wasm/opcode",
    "internal/wasm/types",
    "loader",
    "metrics",
    "plugins",
    "plugins/bundle",
    "plugins/discovery",
    "plugins/logs",
    "plugins/rest",
    "plugins/status",
    "rego",
    "server",
    "server/authorizer",
    "server/identifier",
    "server/types",
    "server/writer",
    "storage",
    "storage/inmem",
    "topdown",
    "topdown/builtins",
    "topdown/copypropagation",
    "topdown/internal/jwx/buffer",
    "topdown/internal/jwx/jwa",
    "topdown/internal/jwx/jwk",
    "topdown/internal/jwx/jws",
    "topdown/internal/jwx/jws/sign",
    "topdown/internal/jwx/jws/verify",
    "topdown/lineage",
    "types",
    "util",
    "version",
    "watch",
  ]
  pruneopts = "UT"
  revision = "6908cf88534cd5a59b5d632251b7bf4f3543382e"
  version = "v0.16.2"

[[projects]]
  digest = "1:87d657fe2a38c018c33f867e7d6e6208d4997279b2c9e25d31aed22e461ad010"
  name = "github.com/pkg/errors"
  packages = ["."]
  pruneopts = "UT"
  revision = "30136e27e2ac8d167177e8a583aa4c3fea5be833"

[[projects]]
  branch = "master"
  digest = "1:c4556a44e350b50a490544d9b06e9fba9c286c21d6c0e47f54f3a9214597298c"
  name = "github.com/rcrowley/go-metrics"
  packages = ["."]
  pruneopts = "UT"
  revision = "e2704e165165ec55d062f5919b4b29494e9fa790"

[[projects]]
  digest = "1:5f2aaa360f48d1711795bd88c7e45a38f86cf81e4bc01453d20983baa67e2d51"
  name = "github.com/sirupsen/logrus"
  packages = ["."]
  pruneopts = "UT"
  revision = "f006c2ac4710855cf0f916dd6b77acf6b048dc6e"
  version = "v1.0.3"

[[projects]]
  branch = "master"
  digest = "1:a674c72a29ec4fb2a638bcaba61c8eef5e1d2bb6364c2811c0a4cbf20fb889c4"
  name = "github.com/yashtewari/glob-intersection"
  packages = ["."]
  pruneopts = "UT"
  revision = "7af743e8ec8480fee1932a737a406f7ec817f910"

[[projects]]
  branch = "master"
  digest = "1:3f3a05ae0b95893d90b9b3b5afdb79a9b3d96e4e36e099d841ae602e4aca0da8"
  name = "golang.org/x/crypto"
  packages = ["ssh/terminal"]
  pruneopts = "UT"
  revision = "f027049dab0ad238e394a753dba2d14753473a04"

[[projects]]
  branch = "master"
  digest = "1:4d16433c0d2c24761b8a507e8c2e9c8cf9193b497d6b38aaeffca038070bc8f5"
  name = "golang.org/x/sys"
  packages = [
    "unix",
    "windows",
  ]
  pruneopts = "UT"
  revision = "904bdc257025c7b3f43c19360ad3ab85783fad78"

[[projects]]
  digest = "1:342378ac4dcb378a5448dd723f0784ae519383532f5e70ade24132c4c8693202"
  name = "gopkg.in/yaml.v2"
  packages = ["."]
  pruneopts = "UT"
  revision = "5420a8b6744d3b0345ab293f6fcba19c978f1183"
  version = "v2.2.1"

[solve-meta]
  analyzer-name = "dep"
  analyzer-version = 1
  input-imports = [
    "github.com/gorilla/mux",
    "github.com/open-policy-agent/opa/metrics",
    "github.com/open-policy-agent/opa/plugins",
    "github.com/open-policy-agent/opa/plugins/discovery",
    "github.com/open-policy-agent/opa/plugins/logs",
    "github.com/open-policy-agent/opa/rego",
    "github.com/open-policy-agent/opa/server",
    "github.com/open-policy-agent/opa/storage",
    "github.com/open-policy-agent/opa/storage/inmem",
    "github.com/pkg/errors",
    "github.com/sirupsen/logrus",
  ]
  solver-name = "gps-cdcl"
  solver-version = 1
